
Microsoft Visual Studio Solution File, Format Version 12.00
# Visual Studio Version 16
VisualStudioVersion = 16.0.30523.141
MinimumVisualStudioVersion = 10.0.40219.1
Project("{FAE04EC0-301F-11D3-BF4B-00C04F79EFBC}") = "Pool2.11", "Pool2.11.csproj", "{EB365558-B335-4C85-B6E4-3851C1DF9BB9}"
EndProject
Global
	GlobalSection(SolutionConfigurationPlatforms) = preSolution
		Debug|Any CPU = Debug|Any CPU
		Release|Any CPU = Release|Any CPU
	EndGlobalSection
	GlobalSection(ProjectConfigurationPlatforms) = postSolution
		{EB365558-B335-4C85-B6E4-3851C1DF9BB9}.Debug|Any CPU.ActiveCfg = Debug|Any CPU
		{EB365558-B335-4C85-B6E4-3851C1DF9BB9}.Debug|Any CPU.Build.0 = Debug|Any CPU
		{EB365558-B335-4C85-B6E4-3851C1DF9BB9}.Release|Any CPU.ActiveCfg = Release|Any CPU
		{EB365558-B335-4C85-B6E4-3851C1DF9BB9}.Release|Any CPU.Build.0 = Release|Any CPU
	EndGlobalSection
	GlobalSection(SolutionProperties) = preSolution
		HideSolutionNode = FALSE
	EndGlobalSection
	GlobalSection(ExtensibilityGlobals) = postSolution
		SolutionGuid = {CE5F113A-1CB9-42FF-88F7-C1A92605923B}
	EndGlobalSection
EndGlobal
