
Microsoft Visual Studio Solution File, Format Version 12.00
# Visual Studio Version 16
VisualStudioVersion = 16.0.30523.141
MinimumVisualStudioVersion = 10.0.40219.1
Project("{FAE04EC0-301F-11D3-BF4B-00C04F79EFBC}") = "Pool2.3", "Pool2.3.csproj", "{BDA28D13-B749-400E-A17F-39AF8850A9A4}"
EndProject
Global
	GlobalSection(SolutionConfigurationPlatforms) = preSolution
		Debug|Any CPU = Debug|Any CPU
		Release|Any CPU = Release|Any CPU
	EndGlobalSection
	GlobalSection(ProjectConfigurationPlatforms) = postSolution
		{BDA28D13-B749-400E-A17F-39AF8850A9A4}.Debug|Any CPU.ActiveCfg = Debug|Any CPU
		{BDA28D13-B749-400E-A17F-39AF8850A9A4}.Debug|Any CPU.Build.0 = Debug|Any CPU
		{BDA28D13-B749-400E-A17F-39AF8850A9A4}.Release|Any CPU.ActiveCfg = Release|Any CPU
		{BDA28D13-B749-400E-A17F-39AF8850A9A4}.Release|Any CPU.Build.0 = Release|Any CPU
	EndGlobalSection
	GlobalSection(SolutionProperties) = preSolution
		HideSolutionNode = FALSE
	EndGlobalSection
	GlobalSection(ExtensibilityGlobals) = postSolution
		SolutionGuid = {989E02BC-A76B-4DA6-84FA-9746928CC7EF}
	EndGlobalSection
EndGlobal
