
Microsoft Visual Studio Solution File, Format Version 12.00
# Visual Studio Version 16
VisualStudioVersion = 16.0.30523.141
MinimumVisualStudioVersion = 10.0.40219.1
Project("{FAE04EC0-301F-11D3-BF4B-00C04F79EFBC}") = "Pool2.9", "Pool2.9.csproj", "{36508765-951E-4A3B-8833-9EB06FCE0DFA}"
EndProject
Global
	GlobalSection(SolutionConfigurationPlatforms) = preSolution
		Debug|Any CPU = Debug|Any CPU
		Release|Any CPU = Release|Any CPU
	EndGlobalSection
	GlobalSection(ProjectConfigurationPlatforms) = postSolution
		{36508765-951E-4A3B-8833-9EB06FCE0DFA}.Debug|Any CPU.ActiveCfg = Debug|Any CPU
		{36508765-951E-4A3B-8833-9EB06FCE0DFA}.Debug|Any CPU.Build.0 = Debug|Any CPU
		{36508765-951E-4A3B-8833-9EB06FCE0DFA}.Release|Any CPU.ActiveCfg = Release|Any CPU
		{36508765-951E-4A3B-8833-9EB06FCE0DFA}.Release|Any CPU.Build.0 = Release|Any CPU
	EndGlobalSection
	GlobalSection(SolutionProperties) = preSolution
		HideSolutionNode = FALSE
	EndGlobalSection
	GlobalSection(ExtensibilityGlobals) = postSolution
		SolutionGuid = {98C04D7C-10BC-4C9B-BE67-70A2CB2A4438}
	EndGlobalSection
EndGlobal
